
Microsoft Visual Studio Solution File, Format Version 12.00
# Visual Studio Version 17
VisualStudioVersion = 17.7.34031.279
MinimumVisualStudioVersion = 10.0.40219.1
Project("{FAE04EC0-301F-11D3-BF4B-00C04F79EFBC}") = "PackagingAPP", "PackagingAPP\PackagingAPP.csproj", "{BFB84EFD-FA41-4259-934B-C1F06285EA6C}"
EndProject
Global
	GlobalSection(SolutionConfigurationPlatforms) = preSolution
		Debug|Any CPU = Debug|Any CPU
		Release|Any CPU = Release|Any CPU
	EndGlobalSection
	GlobalSection(ProjectConfigurationPlatforms) = postSolution
		{BFB84EFD-FA41-4259-934B-C1F06285EA6C}.Debug|Any CPU.ActiveCfg = Debug|Any CPU
		{BFB84EFD-FA41-4259-934B-C1F06285EA6C}.Debug|Any CPU.Build.0 = Debug|Any CPU
		{BFB84EFD-FA41-4259-934B-C1F06285EA6C}.Release|Any CPU.ActiveCfg = Release|Any CPU
		{BFB84EFD-FA41-4259-934B-C1F06285EA6C}.Release|Any CPU.Build.0 = Release|Any CPU
	EndGlobalSection
	GlobalSection(SolutionProperties) = preSolution
		HideSolutionNode = FALSE
	EndGlobalSection
	GlobalSection(ExtensibilityGlobals) = postSolution
		SolutionGuid = {025B01D7-DABA-40E1-953D-BA2567BC2615}
	EndGlobalSection
EndGlobal
